
Microsoft Visual Studio Solution File, Format Version 12.00
# Visual Studio 15
VisualStudioVersion = 15.0.26430.12
MinimumVisualStudioVersion = 10.0.40219.1
Project("{9A19103F-16F7-4668-BE54-9A1E7A4F7556}") = "Raven.Data.Entity", "Raven.Data.Entity\Raven.Data.Entity.csproj", "{D533E75A-A0A3-42B3-B4F0-FF8321CE9634}"
EndProject
Project("{9A19103F-16F7-4668-BE54-9A1E7A4F7556}") = "Repository.IEntity", "Repository.IEntity\Repository.IEntity.csproj", "{07717DE9-ACC0-40CF-A35D-B2528F8DEC5E}"
EndProject
Global
	GlobalSection(SolutionConfigurationPlatforms) = preSolution
		Debug|Any CPU = Debug|Any CPU
		Release|Any CPU = Release|Any CPU
	EndGlobalSection
	GlobalSection(ProjectConfigurationPlatforms) = postSolution
		{D533E75A-A0A3-42B3-B4F0-FF8321CE9634}.Debug|Any CPU.ActiveCfg = Debug|Any CPU
		{D533E75A-A0A3-42B3-B4F0-FF8321CE9634}.Debug|Any CPU.Build.0 = Debug|Any CPU
		{D533E75A-A0A3-42B3-B4F0-FF8321CE9634}.Release|Any CPU.ActiveCfg = Release|Any CPU
		{D533E75A-A0A3-42B3-B4F0-FF8321CE9634}.Release|Any CPU.Build.0 = Release|Any CPU
		{07717DE9-ACC0-40CF-A35D-B2528F8DEC5E}.Debug|Any CPU.ActiveCfg = Debug|Any CPU
		{07717DE9-ACC0-40CF-A35D-B2528F8DEC5E}.Debug|Any CPU.Build.0 = Debug|Any CPU
		{07717DE9-ACC0-40CF-A35D-B2528F8DEC5E}.Release|Any CPU.ActiveCfg = Release|Any CPU
		{07717DE9-ACC0-40CF-A35D-B2528F8DEC5E}.Release|Any CPU.Build.0 = Release|Any CPU
	EndGlobalSection
	GlobalSection(SolutionProperties) = preSolution
		HideSolutionNode = FALSE
	EndGlobalSection
	GlobalSection(ExtensibilityGlobals) = postSolution
		SolutionGuid = {3B252F46-3AD1-46B5-A9D7-A7976FBC8CDC}
	EndGlobalSection
EndGlobal
